
Microsoft Visual Studio Solution File, Format Version 12.00
# Visual Studio Version 16
VisualStudioVersion = 16.0.31515.178
MinimumVisualStudioVersion = 10.0.40219.1
Project("{9A19103F-16F7-4668-BE54-9A1E7A4F7556}") = "exercise.50", "exercise.50\exercise.50.csproj", "{8359A93C-D5D1-4806-B7AC-F589B49D4B29}"
EndProject
Project("{9A19103F-16F7-4668-BE54-9A1E7A4F7556}") = "Exercise.51", "Exercise.51\Exercise.51.csproj", "{1BE89B91-7458-47B1-8DE1-15DDA29D078C}"
EndProject
Project("{9A19103F-16F7-4668-BE54-9A1E7A4F7556}") = "Exercise.52", "Exercise.52\Exercise.52.csproj", "{748D5B4B-066E-4F2E-A55A-680C4E982FCE}"
EndProject
Project("{9A19103F-16F7-4668-BE54-9A1E7A4F7556}") = "Exercise.53", "Exercise.53\Exercise.53.csproj", "{A36FE6D6-3099-4825-AAC3-83F7B705C4DC}"
EndProject
Project("{9A19103F-16F7-4668-BE54-9A1E7A4F7556}") = "Exercise.54", "Exercise.54\Exercise.54.csproj", "{F20CAD87-1839-405D-903C-04EBE0E2F23D}"
EndProject
Project("{9A19103F-16F7-4668-BE54-9A1E7A4F7556}") = "Exercise.55", "Exercise.55\Exercise.55.csproj", "{994F318A-3A95-41EC-A8F9-15BDFD0D0D2E}"
EndProject
Project("{9A19103F-16F7-4668-BE54-9A1E7A4F7556}") = "Exercise.56", "Exercise.56\Exercise.56.csproj", "{FC5EFA4C-81F8-42FD-9F5D-F5B8A2CFCB88}"
EndProject
Project("{9A19103F-16F7-4668-BE54-9A1E7A4F7556}") = "Exercise.57", "Exercise.57\Exercise.57.csproj", "{CEB66E90-D969-4220-85C6-306307304983}"
EndProject
Project("{9A19103F-16F7-4668-BE54-9A1E7A4F7556}") = "Exercise.58", "Exercise.58\Exercise.58.csproj", "{F6B25E90-795A-46FC-979C-CE30123E9C9C}"
EndProject
Project("{9A19103F-16F7-4668-BE54-9A1E7A4F7556}") = "Exercise.59", "Exercise.59\Exercise.59.csproj", "{3BCC8CEB-CA2F-4212-BD42-97813119C714}"
EndProject
Project("{9A19103F-16F7-4668-BE54-9A1E7A4F7556}") = "Exercise.60", "Exercise.60\Exercise.60.csproj", "{0B864BBC-A73D-4CE6-ADEF-3B873DAD761E}"
EndProject
Project("{9A19103F-16F7-4668-BE54-9A1E7A4F7556}") = "Exercise.61", "Exercise.61\Exercise.61.csproj", "{CAB5167E-AF16-48BD-84A1-C5B55E0C3446}"
EndProject
Project("{9A19103F-16F7-4668-BE54-9A1E7A4F7556}") = "Exercise.62", "Exercise.62\Exercise.62.csproj", "{04905103-53FC-44DA-8DFF-0DE096296211}"
EndProject
Project("{9A19103F-16F7-4668-BE54-9A1E7A4F7556}") = "Exercise.63", "Exercise.63\Exercise.63.csproj", "{4C3614D4-703C-435A-81D5-F4A0FAF6675A}"
EndProject
Project("{9A19103F-16F7-4668-BE54-9A1E7A4F7556}") = "Exercise.64", "Exercise.64\Exercise.64.csproj", "{5CA07F73-5E4D-445E-951D-3D75E9E94100}"
EndProject
Project("{9A19103F-16F7-4668-BE54-9A1E7A4F7556}") = "Exercise.65", "Exercise.65\Exercise.65.csproj", "{C1C6BE69-6248-4982-ACD7-398603245E7B}"
EndProject
Project("{9A19103F-16F7-4668-BE54-9A1E7A4F7556}") = "Exercise.66", "Exercise.66\Exercise.66.csproj", "{1F7A1B1E-8566-4B4E-AB1F-80FA31AC92B7}"
EndProject
Project("{9A19103F-16F7-4668-BE54-9A1E7A4F7556}") = "Exercise.67", "Exercise.67\Exercise.67.csproj", "{65AB769A-3175-4D01-8F26-2C5F31DDACB3}"
EndProject
Project("{9A19103F-16F7-4668-BE54-9A1E7A4F7556}") = "Exercise.68", "Exercise.68\Exercise.68.csproj", "{4E2AEE3F-042B-4003-96E3-A38FD425BCD8}"
EndProject
Project("{9A19103F-16F7-4668-BE54-9A1E7A4F7556}") = "Exercise.69", "Exercise.69\Exercise.69.csproj", "{30D31050-B40E-47A2-9392-D485713D3738}"
EndProject
Project("{9A19103F-16F7-4668-BE54-9A1E7A4F7556}") = "Exercise.70", "Exercise.70\Exercise.70.csproj", "{EBBCEEA9-A17E-427F-9412-183FED04D4D9}"
EndProject
Project("{9A19103F-16F7-4668-BE54-9A1E7A4F7556}") = "Exercise.71", "Exercise.71\Exercise.71.csproj", "{C1A8E64F-B9AA-4258-8F9E-4284809ADC23}"
EndProject
Project("{9A19103F-16F7-4668-BE54-9A1E7A4F7556}") = "Exercise.72", "Exercise.72\Exercise.72.csproj", "{F29D65C6-AD27-449C-91E1-F83580F20A14}"
EndProject
Project("{9A19103F-16F7-4668-BE54-9A1E7A4F7556}") = "Exercise.73", "Exercise.73\Exercise.73.csproj", "{1A243BBE-22E4-4679-B663-BDB675192DC2}"
EndProject
Project("{9A19103F-16F7-4668-BE54-9A1E7A4F7556}") = "Exercise.74", "Exercise.74\Exercise.74.csproj", "{F0C1BEA0-97E6-4C60-BAE9-C15CFA81D610}"
EndProject
Project("{9A19103F-16F7-4668-BE54-9A1E7A4F7556}") = "Exercise.75", "Exercise.75\Exercise.75.csproj", "{AEA0F5A8-FE01-485B-81CD-91247A48E506}"
EndProject
Project("{9A19103F-16F7-4668-BE54-9A1E7A4F7556}") = "Exercise.76", "Exercise.76\Exercise.76.csproj", "{F690F114-37D8-4AAD-958E-0556874A96AF}"
EndProject
Project("{9A19103F-16F7-4668-BE54-9A1E7A4F7556}") = "Exercise.77", "Exercise.77\Exercise.77.csproj", "{E17861C6-C932-40CC-AC11-E27A63976D5B}"
EndProject
Project("{9A19103F-16F7-4668-BE54-9A1E7A4F7556}") = "Exercise.78", "Exercise.78\Exercise.78.csproj", "{D7049032-F94A-40E8-875D-A0101C6B807E}"
EndProject
Project("{9A19103F-16F7-4668-BE54-9A1E7A4F7556}") = "Exercise.79", "Exercise.79\Exercise.79.csproj", "{18D3FD7E-488A-4E09-AA03-28356A56A161}"
EndProject
Project("{9A19103F-16F7-4668-BE54-9A1E7A4F7556}") = "Execise.80", "Execise.80\Execise.80.csproj", "{4E1F6490-57D6-4106-A6EE-D86FFFFB3A38}"
EndProject
Project("{9A19103F-16F7-4668-BE54-9A1E7A4F7556}") = "Exercise.81", "Exercise.81\Exercise.81.csproj", "{8B6A87D5-77F0-4C85-AB58-55AE07960E89}"
EndProject
Project("{9A19103F-16F7-4668-BE54-9A1E7A4F7556}") = "Exercise.82", "Exercise.82\Exercise.82.csproj", "{8939F747-3ED3-4287-95AC-B69CD65D16BF}"
EndProject
Project("{9A19103F-16F7-4668-BE54-9A1E7A4F7556}") = "Exercise.83", "Exercise.83\Exercise.83.csproj", "{1CCCDD71-FBEA-4212-B4B9-5B879F5EA4B6}"
EndProject
Project("{9A19103F-16F7-4668-BE54-9A1E7A4F7556}") = "Exercise.84", "Exercise.84\Exercise.84.csproj", "{6DD1086D-3DB2-4CAA-B54B-DC0DC7D8503B}"
EndProject
Project("{9A19103F-16F7-4668-BE54-9A1E7A4F7556}") = "Exercise.85", "Exercise.85\Exercise.85.csproj", "{B04F821C-0170-46B4-AD60-40005FF081C1}"
EndProject
Project("{FAE04EC0-301F-11D3-BF4B-00C04F79EFBC}") = "Exercise.86", "Exercise.86\Exercise.86.csproj", "{2890F724-F00F-4855-A182-3A0CE6ABE87E}"
EndProject
Project("{FAE04EC0-301F-11D3-BF4B-00C04F79EFBC}") = "Exercise.87", "Exercise.87\Exercise.87.csproj", "{589252E2-DCD9-467C-85A5-05FFD82E9336}"
EndProject
Project("{FAE04EC0-301F-11D3-BF4B-00C04F79EFBC}") = "Exercise.88", "Exercise.88\Exercise.88.csproj", "{5D4810C3-8786-46F7-8E68-E058B3F29B8F}"
EndProject
Project("{FAE04EC0-301F-11D3-BF4B-00C04F79EFBC}") = "Exercise.89", "Exercise.89\Exercise.89.csproj", "{CD4499AD-22E6-4403-A743-1089DB0C29CD}"
EndProject
Project("{FAE04EC0-301F-11D3-BF4B-00C04F79EFBC}") = "Exercise.90", "Exercise.90\Exercise.90.csproj", "{BCC6FF2C-DD59-4607-ABEA-C1682F0B5D43}"
EndProject
Global
	GlobalSection(SolutionConfigurationPlatforms) = preSolution
		Debug|Any CPU = Debug|Any CPU
		Release|Any CPU = Release|Any CPU
	EndGlobalSection
	GlobalSection(ProjectConfigurationPlatforms) = postSolution
		{8359A93C-D5D1-4806-B7AC-F589B49D4B29}.Debug|Any CPU.ActiveCfg = Debug|Any CPU
		{8359A93C-D5D1-4806-B7AC-F589B49D4B29}.Debug|Any CPU.Build.0 = Debug|Any CPU
		{8359A93C-D5D1-4806-B7AC-F589B49D4B29}.Release|Any CPU.ActiveCfg = Release|Any CPU
		{8359A93C-D5D1-4806-B7AC-F589B49D4B29}.Release|Any CPU.Build.0 = Release|Any CPU
		{1BE89B91-7458-47B1-8DE1-15DDA29D078C}.Debug|Any CPU.ActiveCfg = Debug|Any CPU
		{1BE89B91-7458-47B1-8DE1-15DDA29D078C}.Debug|Any CPU.Build.0 = Debug|Any CPU
		{1BE89B91-7458-47B1-8DE1-15DDA29D078C}.Release|Any CPU.ActiveCfg = Release|Any CPU
		{1BE89B91-7458-47B1-8DE1-15DDA29D078C}.Release|Any CPU.Build.0 = Release|Any CPU
		{748D5B4B-066E-4F2E-A55A-680C4E982FCE}.Debug|Any CPU.ActiveCfg = Debug|Any CPU
		{748D5B4B-066E-4F2E-A55A-680C4E982FCE}.Debug|Any CPU.Build.0 = Debug|Any CPU
		{748D5B4B-066E-4F2E-A55A-680C4E982FCE}.Release|Any CPU.ActiveCfg = Release|Any CPU
		{748D5B4B-066E-4F2E-A55A-680C4E982FCE}.Release|Any CPU.Build.0 = Release|Any CPU
		{A36FE6D6-3099-4825-AAC3-83F7B705C4DC}.Debug|Any CPU.ActiveCfg = Debug|Any CPU
		{A36FE6D6-3099-4825-AAC3-83F7B705C4DC}.Debug|Any CPU.Build.0 = Debug|Any CPU
		{A36FE6D6-3099-4825-AAC3-83F7B705C4DC}.Release|Any CPU.ActiveCfg = Release|Any CPU
		{A36FE6D6-3099-4825-AAC3-83F7B705C4DC}.Release|Any CPU.Build.0 = Release|Any CPU
		{F20CAD87-1839-405D-903C-04EBE0E2F23D}.Debug|Any CPU.ActiveCfg = Debug|Any CPU
		{F20CAD87-1839-405D-903C-04EBE0E2F23D}.Debug|Any CPU.Build.0 = Debug|Any CPU
		{F20CAD87-1839-405D-903C-04EBE0E2F23D}.Release|Any CPU.ActiveCfg = Release|Any CPU
		{F20CAD87-1839-405D-903C-04EBE0E2F23D}.Release|Any CPU.Build.0 = Release|Any CPU
		{994F318A-3A95-41EC-A8F9-15BDFD0D0D2E}.Debug|Any CPU.ActiveCfg = Debug|Any CPU
		{994F318A-3A95-41EC-A8F9-15BDFD0D0D2E}.Debug|Any CPU.Build.0 = Debug|Any CPU
		{994F318A-3A95-41EC-A8F9-15BDFD0D0D2E}.Release|Any CPU.ActiveCfg = Release|Any CPU
		{994F318A-3A95-41EC-A8F9-15BDFD0D0D2E}.Release|Any CPU.Build.0 = Release|Any CPU
		{FC5EFA4C-81F8-42FD-9F5D-F5B8A2CFCB88}.Debug|Any CPU.ActiveCfg = Debug|Any CPU
		{FC5EFA4C-81F8-42FD-9F5D-F5B8A2CFCB88}.Debug|Any CPU.Build.0 = Debug|Any CPU
		{FC5EFA4C-81F8-42FD-9F5D-F5B8A2CFCB88}.Release|Any CPU.ActiveCfg = Release|Any CPU
		{FC5EFA4C-81F8-42FD-9F5D-F5B8A2CFCB88}.Release|Any CPU.Build.0 = Release|Any CPU
		{CEB66E90-D969-4220-85C6-306307304983}.Debug|Any CPU.ActiveCfg = Debug|Any CPU
		{CEB66E90-D969-4220-85C6-306307304983}.Debug|Any CPU.Build.0 = Debug|Any CPU
		{CEB66E90-D969-4220-85C6-306307304983}.Release|Any CPU.ActiveCfg = Release|Any CPU
		{CEB66E90-D969-4220-85C6-306307304983}.Release|Any CPU.Build.0 = Release|Any CPU
		{F6B25E90-795A-46FC-979C-CE30123E9C9C}.Debug|Any CPU.ActiveCfg = Debug|Any CPU
		{F6B25E90-795A-46FC-979C-CE30123E9C9C}.Debug|Any CPU.Build.0 = Debug|Any CPU
		{F6B25E90-795A-46FC-979C-CE30123E9C9C}.Release|Any CPU.ActiveCfg = Release|Any CPU
		{F6B25E90-795A-46FC-979C-CE30123E9C9C}.Release|Any CPU.Build.0 = Release|Any CPU
		{3BCC8CEB-CA2F-4212-BD42-97813119C714}.Debug|Any CPU.ActiveCfg = Debug|Any CPU
		{3BCC8CEB-CA2F-4212-BD42-97813119C714}.Debug|Any CPU.Build.0 = Debug|Any CPU
		{3BCC8CEB-CA2F-4212-BD42-97813119C714}.Release|Any CPU.ActiveCfg = Release|Any CPU
		{3BCC8CEB-CA2F-4212-BD42-97813119C714}.Release|Any CPU.Build.0 = Release|Any CPU
		{0B864BBC-A73D-4CE6-ADEF-3B873DAD761E}.Debug|Any CPU.ActiveCfg = Debug|Any CPU
		{0B864BBC-A73D-4CE6-ADEF-3B873DAD761E}.Debug|Any CPU.Build.0 = Debug|Any CPU
		{0B864BBC-A73D-4CE6-ADEF-3B873DAD761E}.Release|Any CPU.ActiveCfg = Release|Any CPU
		{0B864BBC-A73D-4CE6-ADEF-3B873DAD761E}.Release|Any CPU.Build.0 = Release|Any CPU
		{CAB5167E-AF16-48BD-84A1-C5B55E0C3446}.Debug|Any CPU.ActiveCfg = Debug|Any CPU
		{CAB5167E-AF16-48BD-84A1-C5B55E0C3446}.Debug|Any CPU.Build.0 = Debug|Any CPU
		{CAB5167E-AF16-48BD-84A1-C5B55E0C3446}.Release|Any CPU.ActiveCfg = Release|Any CPU
		{CAB5167E-AF16-48BD-84A1-C5B55E0C3446}.Release|Any CPU.Build.0 = Release|Any CPU
		{04905103-53FC-44DA-8DFF-0DE096296211}.Debug|Any CPU.ActiveCfg = Debug|Any CPU
		{04905103-53FC-44DA-8DFF-0DE096296211}.Debug|Any CPU.Build.0 = Debug|Any CPU
		{04905103-53FC-44DA-8DFF-0DE096296211}.Release|Any CPU.ActiveCfg = Release|Any CPU
		{04905103-53FC-44DA-8DFF-0DE096296211}.Release|Any CPU.Build.0 = Release|Any CPU
		{4C3614D4-703C-435A-81D5-F4A0FAF6675A}.Debug|Any CPU.ActiveCfg = Debug|Any CPU
		{4C3614D4-703C-435A-81D5-F4A0FAF6675A}.Debug|Any CPU.Build.0 = Debug|Any CPU
		{4C3614D4-703C-435A-81D5-F4A0FAF6675A}.Release|Any CPU.ActiveCfg = Release|Any CPU
		{4C3614D4-703C-435A-81D5-F4A0FAF6675A}.Release|Any CPU.Build.0 = Release|Any CPU
		{5CA07F73-5E4D-445E-951D-3D75E9E94100}.Debug|Any CPU.ActiveCfg = Debug|Any CPU
		{5CA07F73-5E4D-445E-951D-3D75E9E94100}.Debug|Any CPU.Build.0 = Debug|Any CPU
		{5CA07F73-5E4D-445E-951D-3D75E9E94100}.Release|Any CPU.ActiveCfg = Release|Any CPU
		{5CA07F73-5E4D-445E-951D-3D75E9E94100}.Release|Any CPU.Build.0 = Release|Any CPU
		{C1C6BE69-6248-4982-ACD7-398603245E7B}.Debug|Any CPU.ActiveCfg = Debug|Any CPU
		{C1C6BE69-6248-4982-ACD7-398603245E7B}.Debug|Any CPU.Build.0 = Debug|Any CPU
		{C1C6BE69-6248-4982-ACD7-398603245E7B}.Release|Any CPU.ActiveCfg = Release|Any CPU
		{C1C6BE69-6248-4982-ACD7-398603245E7B}.Release|Any CPU.Build.0 = Release|Any CPU
		{1F7A1B1E-8566-4B4E-AB1F-80FA31AC92B7}.Debug|Any CPU.ActiveCfg = Debug|Any CPU
		{1F7A1B1E-8566-4B4E-AB1F-80FA31AC92B7}.Debug|Any CPU.Build.0 = Debug|Any CPU
		{1F7A1B1E-8566-4B4E-AB1F-80FA31AC92B7}.Release|Any CPU.ActiveCfg = Release|Any CPU
		{1F7A1B1E-8566-4B4E-AB1F-80FA31AC92B7}.Release|Any CPU.Build.0 = Release|Any CPU
		{65AB769A-3175-4D01-8F26-2C5F31DDACB3}.Debug|Any CPU.ActiveCfg = Debug|Any CPU
		{65AB769A-3175-4D01-8F26-2C5F31DDACB3}.Debug|Any CPU.Build.0 = Debug|Any CPU
		{65AB769A-3175-4D01-8F26-2C5F31DDACB3}.Release|Any CPU.ActiveCfg = Release|Any CPU
		{65AB769A-3175-4D01-8F26-2C5F31DDACB3}.Release|Any CPU.Build.0 = Release|Any CPU
		{4E2AEE3F-042B-4003-96E3-A38FD425BCD8}.Debug|Any CPU.ActiveCfg = Debug|Any CPU
		{4E2AEE3F-042B-4003-96E3-A38FD425BCD8}.Debug|Any CPU.Build.0 = Debug|Any CPU
		{4E2AEE3F-042B-4003-96E3-A38FD425BCD8}.Release|Any CPU.ActiveCfg = Release|Any CPU
		{4E2AEE3F-042B-4003-96E3-A38FD425BCD8}.Release|Any CPU.Build.0 = Release|Any CPU
		{30D31050-B40E-47A2-9392-D485713D3738}.Debug|Any CPU.ActiveCfg = Debug|Any CPU
		{30D31050-B40E-47A2-9392-D485713D3738}.Debug|Any CPU.Build.0 = Debug|Any CPU
		{30D31050-B40E-47A2-9392-D485713D3738}.Release|Any CPU.ActiveCfg = Release|Any CPU
		{30D31050-B40E-47A2-9392-D485713D3738}.Release|Any CPU.Build.0 = Release|Any CPU
		{EBBCEEA9-A17E-427F-9412-183FED04D4D9}.Debug|Any CPU.ActiveCfg = Debug|Any CPU
		{EBBCEEA9-A17E-427F-9412-183FED04D4D9}.Debug|Any CPU.Build.0 = Debug|Any CPU
		{EBBCEEA9-A17E-427F-9412-183FED04D4D9}.Release|Any CPU.ActiveCfg = Release|Any CPU
		{EBBCEEA9-A17E-427F-9412-183FED04D4D9}.Release|Any CPU.Build.0 = Release|Any CPU
		{C1A8E64F-B9AA-4258-8F9E-4284809ADC23}.Debug|Any CPU.ActiveCfg = Debug|Any CPU
		{C1A8E64F-B9AA-4258-8F9E-4284809ADC23}.Debug|Any CPU.Build.0 = Debug|Any CPU
		{C1A8E64F-B9AA-4258-8F9E-4284809ADC23}.Release|Any CPU.ActiveCfg = Release|Any CPU
		{C1A8E64F-B9AA-4258-8F9E-4284809ADC23}.Release|Any CPU.Build.0 = Release|Any CPU
		{F29D65C6-AD27-449C-91E1-F83580F20A14}.Debug|Any CPU.ActiveCfg = Debug|Any CPU
		{F29D65C6-AD27-449C-91E1-F83580F20A14}.Debug|Any CPU.Build.0 = Debug|Any CPU
		{F29D65C6-AD27-449C-91E1-F83580F20A14}.Release|Any CPU.ActiveCfg = Release|Any CPU
		{F29D65C6-AD27-449C-91E1-F83580F20A14}.Release|Any CPU.Build.0 = Release|Any CPU
		{1A243BBE-22E4-4679-B663-BDB675192DC2}.Debug|Any CPU.ActiveCfg = Debug|Any CPU
		{1A243BBE-22E4-4679-B663-BDB675192DC2}.Debug|Any CPU.Build.0 = Debug|Any CPU
		{1A243BBE-22E4-4679-B663-BDB675192DC2}.Release|Any CPU.ActiveCfg = Release|Any CPU
		{1A243BBE-22E4-4679-B663-BDB675192DC2}.Release|Any CPU.Build.0 = Release|Any CPU
		{F0C1BEA0-97E6-4C60-BAE9-C15CFA81D610}.Debug|Any CPU.ActiveCfg = Debug|Any CPU
		{F0C1BEA0-97E6-4C60-BAE9-C15CFA81D610}.Debug|Any CPU.Build.0 = Debug|Any CPU
		{F0C1BEA0-97E6-4C60-BAE9-C15CFA81D610}.Release|Any CPU.ActiveCfg = Release|Any CPU
		{F0C1BEA0-97E6-4C60-BAE9-C15CFA81D610}.Release|Any CPU.Build.0 = Release|Any CPU
		{AEA0F5A8-FE01-485B-81CD-91247A48E506}.Debug|Any CPU.ActiveCfg = Debug|Any CPU
		{AEA0F5A8-FE01-485B-81CD-91247A48E506}.Debug|Any CPU.Build.0 = Debug|Any CPU
		{AEA0F5A8-FE01-485B-81CD-91247A48E506}.Release|Any CPU.ActiveCfg = Release|Any CPU
		{AEA0F5A8-FE01-485B-81CD-91247A48E506}.Release|Any CPU.Build.0 = Release|Any CPU
		{F690F114-37D8-4AAD-958E-0556874A96AF}.Debug|Any CPU.ActiveCfg = Debug|Any CPU
		{F690F114-37D8-4AAD-958E-0556874A96AF}.Debug|Any CPU.Build.0 = Debug|Any CPU
		{F690F114-37D8-4AAD-958E-0556874A96AF}.Release|Any CPU.ActiveCfg = Release|Any CPU
		{F690F114-37D8-4AAD-958E-0556874A96AF}.Release|Any CPU.Build.0 = Release|Any CPU
		{E17861C6-C932-40CC-AC11-E27A63976D5B}.Debug|Any CPU.ActiveCfg = Debug|Any CPU
		{E17861C6-C932-40CC-AC11-E27A63976D5B}.Debug|Any CPU.Build.0 = Debug|Any CPU
		{E17861C6-C932-40CC-AC11-E27A63976D5B}.Release|Any CPU.ActiveCfg = Release|Any CPU
		{E17861C6-C932-40CC-AC11-E27A63976D5B}.Release|Any CPU.Build.0 = Release|Any CPU
		{D7049032-F94A-40E8-875D-A0101C6B807E}.Debug|Any CPU.ActiveCfg = Debug|Any CPU
		{D7049032-F94A-40E8-875D-A0101C6B807E}.Debug|Any CPU.Build.0 = Debug|Any CPU
		{D7049032-F94A-40E8-875D-A0101C6B807E}.Release|Any CPU.ActiveCfg = Release|Any CPU
		{D7049032-F94A-40E8-875D-A0101C6B807E}.Release|Any CPU.Build.0 = Release|Any CPU
		{18D3FD7E-488A-4E09-AA03-28356A56A161}.Debug|Any CPU.ActiveCfg = Debug|Any CPU
		{18D3FD7E-488A-4E09-AA03-28356A56A161}.Debug|Any CPU.Build.0 = Debug|Any CPU
		{18D3FD7E-488A-4E09-AA03-28356A56A161}.Release|Any CPU.ActiveCfg = Release|Any CPU
		{18D3FD7E-488A-4E09-AA03-28356A56A161}.Release|Any CPU.Build.0 = Release|Any CPU
		{4E1F6490-57D6-4106-A6EE-D86FFFFB3A38}.Debug|Any CPU.ActiveCfg = Debug|Any CPU
		{4E1F6490-57D6-4106-A6EE-D86FFFFB3A38}.Debug|Any CPU.Build.0 = Debug|Any CPU
		{4E1F6490-57D6-4106-A6EE-D86FFFFB3A38}.Release|Any CPU.ActiveCfg = Release|Any CPU
		{4E1F6490-57D6-4106-A6EE-D86FFFFB3A38}.Release|Any CPU.Build.0 = Release|Any CPU
		{8B6A87D5-77F0-4C85-AB58-55AE07960E89}.Debug|Any CPU.ActiveCfg = Debug|Any CPU
		{8B6A87D5-77F0-4C85-AB58-55AE07960E89}.Debug|Any CPU.Build.0 = Debug|Any CPU
		{8B6A87D5-77F0-4C85-AB58-55AE07960E89}.Release|Any CPU.ActiveCfg = Release|Any CPU
		{8B6A87D5-77F0-4C85-AB58-55AE07960E89}.Release|Any CPU.Build.0 = Release|Any CPU
		{8939F747-3ED3-4287-95AC-B69CD65D16BF}.Debug|Any CPU.ActiveCfg = Debug|Any CPU
		{8939F747-3ED3-4287-95AC-B69CD65D16BF}.Debug|Any CPU.Build.0 = Debug|Any CPU
		{8939F747-3ED3-4287-95AC-B69CD65D16BF}.Release|Any CPU.ActiveCfg = Release|Any CPU
		{8939F747-3ED3-4287-95AC-B69CD65D16BF}.Release|Any CPU.Build.0 = Release|Any CPU
		{1CCCDD71-FBEA-4212-B4B9-5B879F5EA4B6}.Debug|Any CPU.ActiveCfg = Debug|Any CPU
		{1CCCDD71-FBEA-4212-B4B9-5B879F5EA4B6}.Debug|Any CPU.Build.0 = Debug|Any CPU
		{1CCCDD71-FBEA-4212-B4B9-5B879F5EA4B6}.Release|Any CPU.ActiveCfg = Release|Any CPU
		{1CCCDD71-FBEA-4212-B4B9-5B879F5EA4B6}.Release|Any CPU.Build.0 = Release|Any CPU
		{6DD1086D-3DB2-4CAA-B54B-DC0DC7D8503B}.Debug|Any CPU.ActiveCfg = Debug|Any CPU
		{6DD1086D-3DB2-4CAA-B54B-DC0DC7D8503B}.Debug|Any CPU.Build.0 = Debug|Any CPU
		{6DD1086D-3DB2-4CAA-B54B-DC0DC7D8503B}.Release|Any CPU.ActiveCfg = Release|Any CPU
		{6DD1086D-3DB2-4CAA-B54B-DC0DC7D8503B}.Release|Any CPU.Build.0 = Release|Any CPU
		{B04F821C-0170-46B4-AD60-40005FF081C1}.Debug|Any CPU.ActiveCfg = Debug|Any CPU
		{B04F821C-0170-46B4-AD60-40005FF081C1}.Debug|Any CPU.Build.0 = Debug|Any CPU
		{B04F821C-0170-46B4-AD60-40005FF081C1}.Release|Any CPU.ActiveCfg = Release|Any CPU
		{B04F821C-0170-46B4-AD60-40005FF081C1}.Release|Any CPU.Build.0 = Release|Any CPU
		{2890F724-F00F-4855-A182-3A0CE6ABE87E}.Debug|Any CPU.ActiveCfg = Debug|Any CPU
		{2890F724-F00F-4855-A182-3A0CE6ABE87E}.Debug|Any CPU.Build.0 = Debug|Any CPU
		{2890F724-F00F-4855-A182-3A0CE6ABE87E}.Release|Any CPU.ActiveCfg = Release|Any CPU
		{2890F724-F00F-4855-A182-3A0CE6ABE87E}.Release|Any CPU.Build.0 = Release|Any CPU
		{589252E2-DCD9-467C-85A5-05FFD82E9336}.Debug|Any CPU.ActiveCfg = Debug|Any CPU
		{589252E2-DCD9-467C-85A5-05FFD82E9336}.Debug|Any CPU.Build.0 = Debug|Any CPU
		{589252E2-DCD9-467C-85A5-05FFD82E9336}.Release|Any CPU.ActiveCfg = Release|Any CPU
		{589252E2-DCD9-467C-85A5-05FFD82E9336}.Release|Any CPU.Build.0 = Release|Any CPU
		{5D4810C3-8786-46F7-8E68-E058B3F29B8F}.Debug|Any CPU.ActiveCfg = Debug|Any CPU
		{5D4810C3-8786-46F7-8E68-E058B3F29B8F}.Debug|Any CPU.Build.0 = Debug|Any CPU
		{5D4810C3-8786-46F7-8E68-E058B3F29B8F}.Release|Any CPU.ActiveCfg = Release|Any CPU
		{5D4810C3-8786-46F7-8E68-E058B3F29B8F}.Release|Any CPU.Build.0 = Release|Any CPU
		{CD4499AD-22E6-4403-A743-1089DB0C29CD}.Debug|Any CPU.ActiveCfg = Debug|Any CPU
		{CD4499AD-22E6-4403-A743-1089DB0C29CD}.Debug|Any CPU.Build.0 = Debug|Any CPU
		{CD4499AD-22E6-4403-A743-1089DB0C29CD}.Release|Any CPU.ActiveCfg = Release|Any CPU
		{CD4499AD-22E6-4403-A743-1089DB0C29CD}.Release|Any CPU.Build.0 = Release|Any CPU
		{BCC6FF2C-DD59-4607-ABEA-C1682F0B5D43}.Debug|Any CPU.ActiveCfg = Debug|Any CPU
		{BCC6FF2C-DD59-4607-ABEA-C1682F0B5D43}.Debug|Any CPU.Build.0 = Debug|Any CPU
		{BCC6FF2C-DD59-4607-ABEA-C1682F0B5D43}.Release|Any CPU.ActiveCfg = Release|Any CPU
		{BCC6FF2C-DD59-4607-ABEA-C1682F0B5D43}.Release|Any CPU.Build.0 = Release|Any CPU
	EndGlobalSection
	GlobalSection(SolutionProperties) = preSolution
		HideSolutionNode = FALSE
	EndGlobalSection
	GlobalSection(ExtensibilityGlobals) = postSolution
		SolutionGuid = {0137D3DD-23D9-4C6F-991C-157CFAD9F418}
	EndGlobalSection
EndGlobal
